
Microsoft Visual Studio Solution File, Format Version 12.00
# Visual Studio Version 16
VisualStudioVersion = 16.0.31410.357
MinimumVisualStudioVersion = 10.0.40219.1
Project("{FAE04EC0-301F-11D3-BF4B-00C04F79EFBC}") = "EducationEconomic", "EducationEconomic\EducationEconomic.csproj", "{F579FD9B-15FE-43FF-A93E-1EBC4FDC43D5}"
EndProject
Global
	GlobalSection(SolutionConfigurationPlatforms) = preSolution
		Debug|Any CPU = Debug|Any CPU
		Release|Any CPU = Release|Any CPU
	EndGlobalSection
	GlobalSection(ProjectConfigurationPlatforms) = postSolution
		{F579FD9B-15FE-43FF-A93E-1EBC4FDC43D5}.Debug|Any CPU.ActiveCfg = Debug|Any CPU
		{F579FD9B-15FE-43FF-A93E-1EBC4FDC43D5}.Debug|Any CPU.Build.0 = Debug|Any CPU
		{F579FD9B-15FE-43FF-A93E-1EBC4FDC43D5}.Release|Any CPU.ActiveCfg = Release|Any CPU
		{F579FD9B-15FE-43FF-A93E-1EBC4FDC43D5}.Release|Any CPU.Build.0 = Release|Any CPU
	EndGlobalSection
	GlobalSection(SolutionProperties) = preSolution
		HideSolutionNode = FALSE
	EndGlobalSection
	GlobalSection(ExtensibilityGlobals) = postSolution
		SolutionGuid = {4A1D7DC7-C867-4224-B216-463D3468CA57}
	EndGlobalSection
EndGlobal
